// !$*UTF8*$!
{
	archiveVersion = 1;
	classes = {
	};
	objectVersion = 56;
	objects = {

/* Begin PBXBuildFile section */
		AC328B492BEED65C00F88261 /* ProfileView.swift in Sources */ = {isa = PBXBuildFile; fileRef = AC328B482BEED65C00F88261 /* ProfileView.swift */; };
		AC328B4B2BEED69600F88261 /* WorkoutHistoryView.swift in Sources */ = {isa = PBXBuildFile; fileRef = AC328B4A2BEED69600F88261 /* WorkoutHistoryView.swift */; };
		AC328B4D2BEED6B300F88261 /* TemplatesView.swift in Sources */ = {isa = PBXBuildFile; fileRef = AC328B4C2BEED6B300F88261 /* TemplatesView.swift */; };
		AC328B4F2BEED6D800F88261 /* TemplateView.swift in Sources */ = {isa = PBXBuildFile; fileRef = AC328B4E2BEED6D800F88261 /* TemplateView.swift */; };
		AC328B512BEED6FF00F88261 /* PastWorkoutView.swift in Sources */ = {isa = PBXBuildFile; fileRef = AC328B502BEED6FF00F88261 /* PastWorkoutView.swift */; };
		AC328B532BEED70B00F88261 /* ActiveWorkoutView.swift in Sources */ = {isa = PBXBuildFile; fileRef = AC328B522BEED70B00F88261 /* ActiveWorkoutView.swift */; };
		AC328B552BEED9A300F88261 /* ContentViewModel.swift in Sources */ = {isa = PBXBuildFile; fileRef = AC328B542BEED9A300F88261 /* ContentViewModel.swift */; };
		AC328B572BEEDFDF00F88261 /* ProfileViewModel.swift in Sources */ = {isa = PBXBuildFile; fileRef = AC328B562BEEDFDF00F88261 /* ProfileViewModel.swift */; };
		AC328B592BEEE06E00F88261 /* User.swift in Sources */ = {isa = PBXBuildFile; fileRef = AC328B582BEEE06E00F88261 /* User.swift */; };
		AC328B5B2BEEE19800F88261 /* TemplatesViewModel.swift in Sources */ = {isa = PBXBuildFile; fileRef = AC328B5A2BEEE19800F88261 /* TemplatesViewModel.swift */; };
		AC328B5D2BEEE1A000F88261 /* TemplateViewModel.swift in Sources */ = {isa = PBXBuildFile; fileRef = AC328B5C2BEEE1A000F88261 /* TemplateViewModel.swift */; };
		AC328B5F2BEEE1B400F88261 /* PastWorkoutViewModel.swift in Sources */ = {isa = PBXBuildFile; fileRef = AC328B5E2BEEE1B400F88261 /* PastWorkoutViewModel.swift */; };
		AC328B612BEEE1C100F88261 /* ActiveWorkoutViewModel.swift in Sources */ = {isa = PBXBuildFile; fileRef = AC328B602BEEE1C100F88261 /* ActiveWorkoutViewModel.swift */; };
		AC328B632BEEE1D900F88261 /* WorkoutHistoryViewModel.swift in Sources */ = {isa = PBXBuildFile; fileRef = AC328B622BEEE1D900F88261 /* WorkoutHistoryViewModel.swift */; };
		AC328B652BEEE91B00F88261 /* Exercise.swift in Sources */ = {isa = PBXBuildFile; fileRef = AC328B642BEEE91B00F88261 /* Exercise.swift */; };
		AC328B672BEEE96600F88261 /* Set.swift in Sources */ = {isa = PBXBuildFile; fileRef = AC328B662BEEE96600F88261 /* Set.swift */; };
		AC328B692BEEE9DA00F88261 /* Workout.swift in Sources */ = {isa = PBXBuildFile; fileRef = AC328B682BEEE9DA00F88261 /* Workout.swift */; };
		AC328B6B2BEEED0300F88261 /* LoginView.swift in Sources */ = {isa = PBXBuildFile; fileRef = AC328B6A2BEEED0300F88261 /* LoginView.swift */; };
		AC328B6D2BEEED1400F88261 /* RegisterView.swift in Sources */ = {isa = PBXBuildFile; fileRef = AC328B6C2BEEED1400F88261 /* RegisterView.swift */; };
		AC328B6F2BEEEDAC00F88261 /* LoginViewModel.swift in Sources */ = {isa = PBXBuildFile; fileRef = AC328B6E2BEEEDAC00F88261 /* LoginViewModel.swift */; };
		AC328B712BEEEDBA00F88261 /* RegisterViewModel.swift in Sources */ = {isa = PBXBuildFile; fileRef = AC328B702BEEEDBA00F88261 /* RegisterViewModel.swift */; };
		AC75BC422BF0038D00326765 /* SampleWorkouts.swift in Sources */ = {isa = PBXBuildFile; fileRef = AC75BC412BF0038D00326765 /* SampleWorkouts.swift */; };
		AC75BC442BF010E500326765 /* EditTemplateView.swift in Sources */ = {isa = PBXBuildFile; fileRef = AC75BC432BF010E500326765 /* EditTemplateView.swift */; };
		ACAD9C6F2BEEAE15004BE40A /* WorkoutTrackerApp.swift in Sources */ = {isa = PBXBuildFile; fileRef = ACAD9C6E2BEEAE15004BE40A /* WorkoutTrackerApp.swift */; };
		ACAD9C712BEEAE15004BE40A /* ContentView.swift in Sources */ = {isa = PBXBuildFile; fileRef = ACAD9C702BEEAE15004BE40A /* ContentView.swift */; };
		ACAD9C732BEEAE19004BE40A /* Assets.xcassets in Resources */ = {isa = PBXBuildFile; fileRef = ACAD9C722BEEAE19004BE40A /* Assets.xcassets */; };
		ACAD9C762BEEAE19004BE40A /* Preview Assets.xcassets in Resources */ = {isa = PBXBuildFile; fileRef = ACAD9C752BEEAE19004BE40A /* Preview Assets.xcassets */; };
		ACC78F0E2BEF19280048D6F5 /* GoogleService-Info.plist in Resources */ = {isa = PBXBuildFile; fileRef = ACC78F0D2BEF19280048D6F5 /* GoogleService-Info.plist */; };
		ACC78F112BEF1AB80048D6F5 /* FirebaseAnalytics in Frameworks */ = {isa = PBXBuildFile; productRef = ACC78F102BEF1AB80048D6F5 /* FirebaseAnalytics */; };
		ACC78F152BEF1AB80048D6F5 /* FirebaseAnalyticsSwift in Frameworks */ = {isa = PBXBuildFile; productRef = ACC78F142BEF1AB80048D6F5 /* FirebaseAnalyticsSwift */; };
		ACC78F1D2BEF1AB80048D6F5 /* FirebaseAuth in Frameworks */ = {isa = PBXBuildFile; productRef = ACC78F1C2BEF1AB80048D6F5 /* FirebaseAuth */; };
		ACC78F212BEF1AB80048D6F5 /* FirebaseCrashlytics in Frameworks */ = {isa = PBXBuildFile; productRef = ACC78F202BEF1AB80048D6F5 /* FirebaseCrashlytics */; };
		ACC78F292BEF1AB80048D6F5 /* FirebaseFirestore in Frameworks */ = {isa = PBXBuildFile; productRef = ACC78F282BEF1AB80048D6F5 /* FirebaseFirestore */; };
		ACC78F2D2BEF1AB80048D6F5 /* FirebaseFirestoreSwift in Frameworks */ = {isa = PBXBuildFile; productRef = ACC78F2C2BEF1AB80048D6F5 /* FirebaseFirestoreSwift */; };
		ACC78F472BEF297B0048D6F5 /* Extensions.swift in Sources */ = {isa = PBXBuildFile; fileRef = ACC78F462BEF297B0048D6F5 /* Extensions.swift */; };
/* End PBXBuildFile section */

/* Begin PBXFileReference section */
		AC328B482BEED65C00F88261 /* ProfileView.swift */ = {isa = PBXFileReference; lastKnownFileType = sourcecode.swift; path = ProfileView.swift; sourceTree = "<group>"; };
		AC328B4A2BEED69600F88261 /* WorkoutHistoryView.swift */ = {isa = PBXFileReference; lastKnownFileType = sourcecode.swift; path = WorkoutHistoryView.swift; sourceTree = "<group>"; };
		AC328B4C2BEED6B300F88261 /* TemplatesView.swift */ = {isa = PBXFileReference; lastKnownFileType = sourcecode.swift; path = TemplatesView.swift; sourceTree = "<group>"; };
		AC328B4E2BEED6D800F88261 /* TemplateView.swift */ = {isa = PBXFileReference; lastKnownFileType = sourcecode.swift; path = TemplateView.swift; sourceTree = "<group>"; };
		AC328B502BEED6FF00F88261 /* PastWorkoutView.swift */ = {isa = PBXFileReference; lastKnownFileType = sourcecode.swift; path = PastWorkoutView.swift; sourceTree = "<group>"; };
		AC328B522BEED70B00F88261 /* ActiveWorkoutView.swift */ = {isa = PBXFileReference; lastKnownFileType = sourcecode.swift; path = ActiveWorkoutView.swift; sourceTree = "<group>"; };
		AC328B542BEED9A300F88261 /* ContentViewModel.swift */ = {isa = PBXFileReference; lastKnownFileType = sourcecode.swift; path = ContentViewModel.swift; sourceTree = "<group>"; };
		AC328B562BEEDFDF00F88261 /* ProfileViewModel.swift */ = {isa = PBXFileReference; lastKnownFileType = sourcecode.swift; path = ProfileViewModel.swift; sourceTree = "<group>"; };
		AC328B582BEEE06E00F88261 /* User.swift */ = {isa = PBXFileReference; lastKnownFileType = sourcecode.swift; path = User.swift; sourceTree = "<group>"; };
		AC328B5A2BEEE19800F88261 /* TemplatesViewModel.swift */ = {isa = PBXFileReference; lastKnownFileType = sourcecode.swift; path = TemplatesViewModel.swift; sourceTree = "<group>"; };
		AC328B5C2BEEE1A000F88261 /* TemplateViewModel.swift */ = {isa = PBXFileReference; lastKnownFileType = sourcecode.swift; path = TemplateViewModel.swift; sourceTree = "<group>"; };
		AC328B5E2BEEE1B400F88261 /* PastWorkoutViewModel.swift */ = {isa = PBXFileReference; lastKnownFileType = sourcecode.swift; path = PastWorkoutViewModel.swift; sourceTree = "<group>"; };
		AC328B602BEEE1C100F88261 /* ActiveWorkoutViewModel.swift */ = {isa = PBXFileReference; lastKnownFileType = sourcecode.swift; path = ActiveWorkoutViewModel.swift; sourceTree = "<group>"; };
		AC328B622BEEE1D900F88261 /* WorkoutHistoryViewModel.swift */ = {isa = PBXFileReference; lastKnownFileType = sourcecode.swift; path = WorkoutHistoryViewModel.swift; sourceTree = "<group>"; };
		AC328B642BEEE91B00F88261 /* Exercise.swift */ = {isa = PBXFileReference; lastKnownFileType = sourcecode.swift; path = Exercise.swift; sourceTree = "<group>"; };
		AC328B662BEEE96600F88261 /* Set.swift */ = {isa = PBXFileReference; lastKnownFileType = sourcecode.swift; path = Set.swift; sourceTree = "<group>"; };
		AC328B682BEEE9DA00F88261 /* Workout.swift */ = {isa = PBXFileReference; lastKnownFileType = sourcecode.swift; path = Workout.swift; sourceTree = "<group>"; };
		AC328B6A2BEEED0300F88261 /* LoginView.swift */ = {isa = PBXFileReference; lastKnownFileType = sourcecode.swift; path = LoginView.swift; sourceTree = "<group>"; };
		AC328B6C2BEEED1400F88261 /* RegisterView.swift */ = {isa = PBXFileReference; lastKnownFileType = sourcecode.swift; path = RegisterView.swift; sourceTree = "<group>"; };
		AC328B6E2BEEEDAC00F88261 /* LoginViewModel.swift */ = {isa = PBXFileReference; lastKnownFileType = sourcecode.swift; path = LoginViewModel.swift; sourceTree = "<group>"; };
		AC328B702BEEEDBA00F88261 /* RegisterViewModel.swift */ = {isa = PBXFileReference; lastKnownFileType = sourcecode.swift; path = RegisterViewModel.swift; sourceTree = "<group>"; };
		AC75BC412BF0038D00326765 /* SampleWorkouts.swift */ = {isa = PBXFileReference; lastKnownFileType = sourcecode.swift; path = SampleWorkouts.swift; sourceTree = "<group>"; };
		AC75BC432BF010E500326765 /* EditTemplateView.swift */ = {isa = PBXFileReference; lastKnownFileType = sourcecode.swift; path = EditTemplateView.swift; sourceTree = "<group>"; };
		ACAD9C6B2BEEAE15004BE40A /* WorkoutTracker.app */ = {isa = PBXFileReference; explicitFileType = wrapper.application; includeInIndex = 0; path = WorkoutTracker.app; sourceTree = BUILT_PRODUCTS_DIR; };
		ACAD9C6E2BEEAE15004BE40A /* WorkoutTrackerApp.swift */ = {isa = PBXFileReference; lastKnownFileType = sourcecode.swift; path = WorkoutTrackerApp.swift; sourceTree = "<group>"; };
		ACAD9C702BEEAE15004BE40A /* ContentView.swift */ = {isa = PBXFileReference; lastKnownFileType = sourcecode.swift; path = ContentView.swift; sourceTree = "<group>"; };
		ACAD9C722BEEAE19004BE40A /* Assets.xcassets */ = {isa = PBXFileReference; lastKnownFileType = folder.assetcatalog; path = Assets.xcassets; sourceTree = "<group>"; };
		ACAD9C752BEEAE19004BE40A /* Preview Assets.xcassets */ = {isa = PBXFileReference; lastKnownFileType = folder.assetcatalog; path = "Preview Assets.xcassets"; sourceTree = "<group>"; };
		ACC78F0D2BEF19280048D6F5 /* GoogleService-Info.plist */ = {isa = PBXFileReference; fileEncoding = 4; lastKnownFileType = text.plist.xml; name = "GoogleService-Info.plist"; path = "../../../../../Downloads/GoogleService-Info.plist"; sourceTree = "<group>"; };
		ACC78F462BEF297B0048D6F5 /* Extensions.swift */ = {isa = PBXFileReference; lastKnownFileType = sourcecode.swift; path = Extensions.swift; sourceTree = "<group>"; };
/* End PBXFileReference section */

/* Begin PBXFrameworksBuildPhase section */
		ACAD9C682BEEAE15004BE40A /* Frameworks */ = {
			isa = PBXFrameworksBuildPhase;
			buildActionMask = 2147483647;
			files = (
				ACC78F292BEF1AB80048D6F5 /* FirebaseFirestore in Frameworks */,
				ACC78F152BEF1AB80048D6F5 /* FirebaseAnalyticsSwift in Frameworks */,
				ACC78F112BEF1AB80048D6F5 /* FirebaseAnalytics in Frameworks */,
				ACC78F2D2BEF1AB80048D6F5 /* FirebaseFirestoreSwift in Frameworks */,
				ACC78F1D2BEF1AB80048D6F5 /* FirebaseAuth in Frameworks */,
				ACC78F212BEF1AB80048D6F5 /* FirebaseCrashlytics in Frameworks */,
			);
			runOnlyForDeploymentPostprocessing = 0;
		};
/* End PBXFrameworksBuildPhase section */

/* Begin PBXGroup section */
		ACAD9C622BEEAE14004BE40A = {
			isa = PBXGroup;
			children = (
				ACAD9C6D2BEEAE15004BE40A /* WorkoutTracker */,
				ACAD9C6C2BEEAE15004BE40A /* Products */,
			);
			sourceTree = "<group>";
		};
		ACAD9C6C2BEEAE15004BE40A /* Products */ = {
			isa = PBXGroup;
			children = (
				ACAD9C6B2BEEAE15004BE40A /* WorkoutTracker.app */,
			);
			name = Products;
			sourceTree = "<group>";
		};
		ACAD9C6D2BEEAE15004BE40A /* WorkoutTracker */ = {
			isa = PBXGroup;
			children = (
				ACAD9C6E2BEEAE15004BE40A /* WorkoutTrackerApp.swift */,
				ACAD9C702BEEAE15004BE40A /* ContentView.swift */,
				AC328B542BEED9A300F88261 /* ContentViewModel.swift */,
				ACC78F0D2BEF19280048D6F5 /* GoogleService-Info.plist */,
				ACAD9C722BEEAE19004BE40A /* Assets.xcassets */,
				ACAD9C742BEEAE19004BE40A /* Preview Content */,
				AC328B482BEED65C00F88261 /* ProfileView.swift */,
				AC328B4A2BEED69600F88261 /* WorkoutHistoryView.swift */,
				AC328B4C2BEED6B300F88261 /* TemplatesView.swift */,
				AC328B4E2BEED6D800F88261 /* TemplateView.swift */,
				AC328B502BEED6FF00F88261 /* PastWorkoutView.swift */,
				AC328B522BEED70B00F88261 /* ActiveWorkoutView.swift */,
				AC328B562BEEDFDF00F88261 /* ProfileViewModel.swift */,
				AC328B5A2BEEE19800F88261 /* TemplatesViewModel.swift */,
				AC328B5C2BEEE1A000F88261 /* TemplateViewModel.swift */,
				AC328B5E2BEEE1B400F88261 /* PastWorkoutViewModel.swift */,
				AC328B602BEEE1C100F88261 /* ActiveWorkoutViewModel.swift */,
				AC328B622BEEE1D900F88261 /* WorkoutHistoryViewModel.swift */,
				AC328B582BEEE06E00F88261 /* User.swift */,
				AC328B682BEEE9DA00F88261 /* Workout.swift */,
				AC328B642BEEE91B00F88261 /* Exercise.swift */,
				AC328B662BEEE96600F88261 /* Set.swift */,
				AC328B6A2BEEED0300F88261 /* LoginView.swift */,
				AC328B6C2BEEED1400F88261 /* RegisterView.swift */,
				AC328B6E2BEEEDAC00F88261 /* LoginViewModel.swift */,
				AC328B702BEEEDBA00F88261 /* RegisterViewModel.swift */,
				ACC78F462BEF297B0048D6F5 /* Extensions.swift */,
				AC75BC412BF0038D00326765 /* SampleWorkouts.swift */,
				AC75BC432BF010E500326765 /* EditTemplateView.swift */,
			);
			path = WorkoutTracker;
			sourceTree = "<group>";
		};
		ACAD9C742BEEAE19004BE40A /* Preview Content */ = {
			isa = PBXGroup;
			children = (
				ACAD9C752BEEAE19004BE40A /* Preview Assets.xcassets */,
			);
			path = "Preview Content";
			sourceTree = "<group>";
		};
/* End PBXGroup section */

/* Begin PBXNativeTarget section */
		ACAD9C6A2BEEAE15004BE40A /* WorkoutTracker */ = {
			isa = PBXNativeTarget;
			buildConfigurationList = ACAD9C792BEEAE19004BE40A /* Build configuration list for PBXNativeTarget "WorkoutTracker" */;
			buildPhases = (
				ACAD9C672BEEAE15004BE40A /* Sources */,
				ACAD9C682BEEAE15004BE40A /* Frameworks */,
				ACAD9C692BEEAE15004BE40A /* Resources */,
			);
			buildRules = (
			);
			dependencies = (
			);
			name = WorkoutTracker;
			packageProductDependencies = (
				ACC78F102BEF1AB80048D6F5 /* FirebaseAnalytics */,
				ACC78F142BEF1AB80048D6F5 /* FirebaseAnalyticsSwift */,
				ACC78F1C2BEF1AB80048D6F5 /* FirebaseAuth */,
				ACC78F202BEF1AB80048D6F5 /* FirebaseCrashlytics */,
				ACC78F282BEF1AB80048D6F5 /* FirebaseFirestore */,
				ACC78F2C2BEF1AB80048D6F5 /* FirebaseFirestoreSwift */,
			);
			productName = WorkoutTracker;
			productReference = ACAD9C6B2BEEAE15004BE40A /* WorkoutTracker.app */;
			productType = "com.apple.product-type.application";
		};
/* End PBXNativeTarget section */

/* Begin PBXProject section */
		ACAD9C632BEEAE14004BE40A /* Project object */ = {
			isa = PBXProject;
			attributes = {
				BuildIndependentTargetsInParallel = 1;
				LastSwiftUpdateCheck = 1520;
				LastUpgradeCheck = 1520;
				TargetAttributes = {
					ACAD9C6A2BEEAE15004BE40A = {
						CreatedOnToolsVersion = 15.2;
					};
				};
			};
			buildConfigurationList = ACAD9C662BEEAE14004BE40A /* Build configuration list for PBXProject "WorkoutTracker" */;
			compatibilityVersion = "Xcode 14.0";
			developmentRegion = en;
			hasScannedForEncodings = 0;
			knownRegions = (
				en,
				Base,
			);
			mainGroup = ACAD9C622BEEAE14004BE40A;
			packageReferences = (
				ACC78F0F2BEF1AB80048D6F5 /* XCRemoteSwiftPackageReference "firebase-ios-sdk" */,
			);
			productRefGroup = ACAD9C6C2BEEAE15004BE40A /* Products */;
			projectDirPath = "";
			projectRoot = "";
			targets = (
				ACAD9C6A2BEEAE15004BE40A /* WorkoutTracker */,
			);
		};
/* End PBXProject section */

/* Begin PBXResourcesBuildPhase section */
		ACAD9C692BEEAE15004BE40A /* Resources */ = {
			isa = PBXResourcesBuildPhase;
			buildActionMask = 2147483647;
			files = (
				ACAD9C762BEEAE19004BE40A /* Preview Assets.xcassets in Resources */,
				ACAD9C732BEEAE19004BE40A /* Assets.xcassets in Resources */,
				ACC78F0E2BEF19280048D6F5 /* GoogleService-Info.plist in Resources */,
			);
			runOnlyForDeploymentPostprocessing = 0;
		};
/* End PBXResourcesBuildPhase section */

/* Begin PBXSourcesBuildPhase section */
		ACAD9C672BEEAE15004BE40A /* Sources */ = {
			isa = PBXSourcesBuildPhase;
			buildActionMask = 2147483647;
			files = (
				ACAD9C712BEEAE15004BE40A /* ContentView.swift in Sources */,
				AC328B632BEEE1D900F88261 /* WorkoutHistoryViewModel.swift in Sources */,
				AC328B6F2BEEEDAC00F88261 /* LoginViewModel.swift in Sources */,
				AC75BC422BF0038D00326765 /* SampleWorkouts.swift in Sources */,
				AC328B512BEED6FF00F88261 /* PastWorkoutView.swift in Sources */,
				AC328B6D2BEEED1400F88261 /* RegisterView.swift in Sources */,
				AC328B652BEEE91B00F88261 /* Exercise.swift in Sources */,
				AC328B5B2BEEE19800F88261 /* TemplatesViewModel.swift in Sources */,
				AC328B492BEED65C00F88261 /* ProfileView.swift in Sources */,
				AC328B612BEEE1C100F88261 /* ActiveWorkoutViewModel.swift in Sources */,
				AC328B4F2BEED6D800F88261 /* TemplateView.swift in Sources */,
				AC328B672BEEE96600F88261 /* Set.swift in Sources */,
				AC328B572BEEDFDF00F88261 /* ProfileViewModel.swift in Sources */,
				AC328B5F2BEEE1B400F88261 /* PastWorkoutViewModel.swift in Sources */,
				AC328B532BEED70B00F88261 /* ActiveWorkoutView.swift in Sources */,
				AC328B552BEED9A300F88261 /* ContentViewModel.swift in Sources */,
				AC328B5D2BEEE1A000F88261 /* TemplateViewModel.swift in Sources */,
				ACAD9C6F2BEEAE15004BE40A /* WorkoutTrackerApp.swift in Sources */,
				AC328B4B2BEED69600F88261 /* WorkoutHistoryView.swift in Sources */,
				AC328B4D2BEED6B300F88261 /* TemplatesView.swift in Sources */,
				ACC78F472BEF297B0048D6F5 /* Extensions.swift in Sources */,
				AC328B692BEEE9DA00F88261 /* Workout.swift in Sources */,
				AC328B6B2BEEED0300F88261 /* LoginView.swift in Sources */,
				AC328B592BEEE06E00F88261 /* User.swift in Sources */,
				AC75BC442BF010E500326765 /* EditTemplateView.swift in Sources */,
				AC328B712BEEEDBA00F88261 /* RegisterViewModel.swift in Sources */,
			);
			runOnlyForDeploymentPostprocessing = 0;
		};
/* End PBXSourcesBuildPhase section */

/* Begin XCBuildConfiguration section */
		ACAD9C772BEEAE19004BE40A /* Debug */ = {
			isa = XCBuildConfiguration;
			buildSettings = {
				ALWAYS_SEARCH_USER_PATHS = NO;
				ASSETCATALOG_COMPILER_GENERATE_SWIFT_ASSET_SYMBOL_EXTENSIONS = YES;
				CLANG_ANALYZER_NONNULL = YES;
				CLANG_ANALYZER_NUMBER_OBJECT_CONVERSION = YES_AGGRESSIVE;
				CLANG_CXX_LANGUAGE_STANDARD = "gnu++20";
				CLANG_ENABLE_MODULES = YES;
				CLANG_ENABLE_OBJC_ARC = YES;
				CLANG_ENABLE_OBJC_WEAK = YES;
				CLANG_WARN_BLOCK_CAPTURE_AUTORELEASING = YES;
				CLANG_WARN_BOOL_CONVERSION = YES;
				CLANG_WARN_COMMA = YES;
				CLANG_WARN_CONSTANT_CONVERSION = YES;
				CLANG_WARN_DEPRECATED_OBJC_IMPLEMENTATIONS = YES;
				CLANG_WARN_DIRECT_OBJC_ISA_USAGE = YES_ERROR;
				CLANG_WARN_DOCUMENTATION_COMMENTS = YES;
				CLANG_WARN_EMPTY_BODY = YES;
				CLANG_WARN_ENUM_CONVERSION = YES;
				CLANG_WARN_INFINITE_RECURSION = YES;
				CLANG_WARN_INT_CONVERSION = YES;
				CLANG_WARN_NON_LITERAL_NULL_CONVERSION = YES;
				CLANG_WARN_OBJC_IMPLICIT_RETAIN_SELF = YES;
				CLANG_WARN_OBJC_LITERAL_CONVERSION = YES;
				CLANG_WARN_OBJC_ROOT_CLASS = YES_ERROR;
				CLANG_WARN_QUOTED_INCLUDE_IN_FRAMEWORK_HEADER = YES;
				CLANG_WARN_RANGE_LOOP_ANALYSIS = YES;
				CLANG_WARN_STRICT_PROTOTYPES = YES;
				CLANG_WARN_SUSPICIOUS_MOVE = YES;
				CLANG_WARN_UNGUARDED_AVAILABILITY = YES_AGGRESSIVE;
				CLANG_WARN_UNREACHABLE_CODE = YES;
				CLANG_WARN__DUPLICATE_METHOD_MATCH = YES;
				COPY_PHASE_STRIP = NO;
				DEBUG_INFORMATION_FORMAT = dwarf;
				ENABLE_STRICT_OBJC_MSGSEND = YES;
				ENABLE_TESTABILITY = YES;
				ENABLE_USER_SCRIPT_SANDBOXING = YES;
				GCC_C_LANGUAGE_STANDARD = gnu17;
				GCC_DYNAMIC_NO_PIC = NO;
				GCC_NO_COMMON_BLOCKS = YES;
				GCC_OPTIMIZATION_LEVEL = 0;
				GCC_PREPROCESSOR_DEFINITIONS = (
					"DEBUG=1",
					"$(inherited)",
				);
				GCC_WARN_64_TO_32_BIT_CONVERSION = YES;
				GCC_WARN_ABOUT_RETURN_TYPE = YES_ERROR;
				GCC_WARN_UNDECLARED_SELECTOR = YES;
				GCC_WARN_UNINITIALIZED_AUTOS = YES_AGGRESSIVE;
				GCC_WARN_UNUSED_FUNCTION = YES;
				GCC_WARN_UNUSED_VARIABLE = YES;
				IPHONEOS_DEPLOYMENT_TARGET = 17.2;
				LOCALIZATION_PREFERS_STRING_CATALOGS = YES;
				MTL_ENABLE_DEBUG_INFO = INCLUDE_SOURCE;
				MTL_FAST_MATH = YES;
				ONLY_ACTIVE_ARCH = YES;
				SDKROOT = iphoneos;
				SWIFT_ACTIVE_COMPILATION_CONDITIONS = "DEBUG $(inherited)";
				SWIFT_OPTIMIZATION_LEVEL = "-Onone";
			};
			name = Debug;
		};
		ACAD9C782BEEAE19004BE40A /* Release */ = {
			isa = XCBuildConfiguration;
			buildSettings = {
				ALWAYS_SEARCH_USER_PATHS = NO;
				ASSETCATALOG_COMPILER_GENERATE_SWIFT_ASSET_SYMBOL_EXTENSIONS = YES;
				CLANG_ANALYZER_NONNULL = YES;
				CLANG_ANALYZER_NUMBER_OBJECT_CONVERSION = YES_AGGRESSIVE;
				CLANG_CXX_LANGUAGE_STANDARD = "gnu++20";
				CLANG_ENABLE_MODULES = YES;
				CLANG_ENABLE_OBJC_ARC = YES;
				CLANG_ENABLE_OBJC_WEAK = YES;
				CLANG_WARN_BLOCK_CAPTURE_AUTORELEASING = YES;
				CLANG_WARN_BOOL_CONVERSION = YES;
				CLANG_WARN_COMMA = YES;
				CLANG_WARN_CONSTANT_CONVERSION = YES;
				CLANG_WARN_DEPRECATED_OBJC_IMPLEMENTATIONS = YES;
				CLANG_WARN_DIRECT_OBJC_ISA_USAGE = YES_ERROR;
				CLANG_WARN_DOCUMENTATION_COMMENTS = YES;
				CLANG_WARN_EMPTY_BODY = YES;
				CLANG_WARN_ENUM_CONVERSION = YES;
				CLANG_WARN_INFINITE_RECURSION = YES;
				CLANG_WARN_INT_CONVERSION = YES;
				CLANG_WARN_NON_LITERAL_NULL_CONVERSION = YES;
				CLANG_WARN_OBJC_IMPLICIT_RETAIN_SELF = YES;
				CLANG_WARN_OBJC_LITERAL_CONVERSION = YES;
				CLANG_WARN_OBJC_ROOT_CLASS = YES_ERROR;
				CLANG_WARN_QUOTED_INCLUDE_IN_FRAMEWORK_HEADER = YES;
				CLANG_WARN_RANGE_LOOP_ANALYSIS = YES;
				CLANG_WARN_STRICT_PROTOTYPES = YES;
				CLANG_WARN_SUSPICIOUS_MOVE = YES;
				CLANG_WARN_UNGUARDED_AVAILABILITY = YES_AGGRESSIVE;
				CLANG_WARN_UNREACHABLE_CODE = YES;
				CLANG_WARN__DUPLICATE_METHOD_MATCH = YES;
				COPY_PHASE_STRIP = NO;
				DEBUG_INFORMATION_FORMAT = "dwarf-with-dsym";
				ENABLE_NS_ASSERTIONS = NO;
				ENABLE_STRICT_OBJC_MSGSEND = YES;
				ENABLE_USER_SCRIPT_SANDBOXING = YES;
				GCC_C_LANGUAGE_STANDARD = gnu17;
				GCC_NO_COMMON_BLOCKS = YES;
				GCC_WARN_64_TO_32_BIT_CONVERSION = YES;
				GCC_WARN_ABOUT_RETURN_TYPE = YES_ERROR;
				GCC_WARN_UNDECLARED_SELECTOR = YES;
				GCC_WARN_UNINITIALIZED_AUTOS = YES_AGGRESSIVE;
				GCC_WARN_UNUSED_FUNCTION = YES;
				GCC_WARN_UNUSED_VARIABLE = YES;
				IPHONEOS_DEPLOYMENT_TARGET = 17.2;
				LOCALIZATION_PREFERS_STRING_CATALOGS = YES;
				MTL_ENABLE_DEBUG_INFO = NO;
				MTL_FAST_MATH = YES;
				SDKROOT = iphoneos;
				SWIFT_COMPILATION_MODE = wholemodule;
				VALIDATE_PRODUCT = YES;
			};
			name = Release;
		};
		ACAD9C7A2BEEAE19004BE40A /* Debug */ = {
			isa = XCBuildConfiguration;
			buildSettings = {
				ASSETCATALOG_COMPILER_APPICON_NAME = AppIcon;
				ASSETCATALOG_COMPILER_GLOBAL_ACCENT_COLOR_NAME = AccentColor;
				CODE_SIGN_STYLE = Automatic;
				CURRENT_PROJECT_VERSION = 1;
				DEVELOPMENT_ASSET_PATHS = "\"WorkoutTracker/Preview Content\"";
				ENABLE_PREVIEWS = YES;
				GENERATE_INFOPLIST_FILE = YES;
				INFOPLIST_KEY_UIApplicationSceneManifest_Generation = YES;
				INFOPLIST_KEY_UIApplicationSupportsIndirectInputEvents = YES;
				INFOPLIST_KEY_UILaunchScreen_Generation = YES;
				INFOPLIST_KEY_UISupportedInterfaceOrientations_iPad = "UIInterfaceOrientationPortrait UIInterfaceOrientationPortraitUpsideDown UIInterfaceOrientationLandscapeLeft UIInterfaceOrientationLandscapeRight";
				INFOPLIST_KEY_UISupportedInterfaceOrientations_iPhone = "UIInterfaceOrientationPortrait UIInterfaceOrientationLandscapeLeft UIInterfaceOrientationLandscapeRight";
				LD_RUNPATH_SEARCH_PATHS = (
					"$(inherited)",
					"@executable_path/Frameworks",
				);
				MARKETING_VERSION = 1.0;
				PRODUCT_BUNDLE_IDENTIFIER = com.adrianvasquez.WorkoutTracker;
				PRODUCT_NAME = "$(TARGET_NAME)";
				SWIFT_EMIT_LOC_STRINGS = YES;
				SWIFT_VERSION = 5.0;
				TARGETED_DEVICE_FAMILY = "1,2";
			};
			name = Debug;
		};
		ACAD9C7B2BEEAE19004BE40A /* Release */ = {
			isa = XCBuildConfiguration;
			buildSettings = {
				ASSETCATALOG_COMPILER_APPICON_NAME = AppIcon;
				ASSETCATALOG_COMPILER_GLOBAL_ACCENT_COLOR_NAME = AccentColor;
				CODE_SIGN_STYLE = Automatic;
				CURRENT_PROJECT_VERSION = 1;
				DEVELOPMENT_ASSET_PATHS = "\"WorkoutTracker/Preview Content\"";
				ENABLE_PREVIEWS = YES;
				GENERATE_INFOPLIST_FILE = YES;
				INFOPLIST_KEY_UIApplicationSceneManifest_Generation = YES;
				INFOPLIST_KEY_UIApplicationSupportsIndirectInputEvents = YES;
				INFOPLIST_KEY_UILaunchScreen_Generation = YES;
				INFOPLIST_KEY_UISupportedInterfaceOrientations_iPad = "UIInterfaceOrientationPortrait UIInterfaceOrientationPortraitUpsideDown UIInterfaceOrientationLandscapeLeft UIInterfaceOrientationLandscapeRight";
				INFOPLIST_KEY_UISupportedInterfaceOrientations_iPhone = "UIInterfaceOrientationPortrait UIInterfaceOrientationLandscapeLeft UIInterfaceOrientationLandscapeRight";
				LD_RUNPATH_SEARCH_PATHS = (
					"$(inherited)",
					"@executable_path/Frameworks",
				);
				MARKETING_VERSION = 1.0;
				PRODUCT_BUNDLE_IDENTIFIER = com.adrianvasquez.WorkoutTracker;
				PRODUCT_NAME = "$(TARGET_NAME)";
				SWIFT_EMIT_LOC_STRINGS = YES;
				SWIFT_VERSION = 5.0;
				TARGETED_DEVICE_FAMILY = "1,2";
			};
			name = Release;
		};
/* End XCBuildConfiguration section */

/* Begin XCConfigurationList section */
		ACAD9C662BEEAE14004BE40A /* Build configuration list for PBXProject "WorkoutTracker" */ = {
			isa = XCConfigurationList;
			buildConfigurations = (
				ACAD9C772BEEAE19004BE40A /* Debug */,
				ACAD9C782BEEAE19004BE40A /* Release */,
			);
			defaultConfigurationIsVisible = 0;
			defaultConfigurationName = Release;
		};
		ACAD9C792BEEAE19004BE40A /* Build configuration list for PBXNativeTarget "WorkoutTracker" */ = {
			isa = XCConfigurationList;
			buildConfigurations = (
				ACAD9C7A2BEEAE19004BE40A /* Debug */,
				ACAD9C7B2BEEAE19004BE40A /* Release */,
			);
			defaultConfigurationIsVisible = 0;
			defaultConfigurationName = Release;
		};
/* End XCConfigurationList section */

/* Begin XCRemoteSwiftPackageReference section */
		ACC78F0F2BEF1AB80048D6F5 /* XCRemoteSwiftPackageReference "firebase-ios-sdk" */ = {
			isa = XCRemoteSwiftPackageReference;
			repositoryURL = "https://github.com/firebase/firebase-ios-sdk";
			requirement = {
				kind = upToNextMajorVersion;
				minimumVersion = 10.25.0;
			};
		};
/* End XCRemoteSwiftPackageReference section */

/* Begin XCSwiftPackageProductDependency section */
		ACC78F102BEF1AB80048D6F5 /* FirebaseAnalytics */ = {
			isa = XCSwiftPackageProductDependency;
			package = ACC78F0F2BEF1AB80048D6F5 /* XCRemoteSwiftPackageReference "firebase-ios-sdk" */;
			productName = FirebaseAnalytics;
		};
		ACC78F142BEF1AB80048D6F5 /* FirebaseAnalyticsSwift */ = {
			isa = XCSwiftPackageProductDependency;
			package = ACC78F0F2BEF1AB80048D6F5 /* XCRemoteSwiftPackageReference "firebase-ios-sdk" */;
			productName = FirebaseAnalyticsSwift;
		};
		ACC78F1C2BEF1AB80048D6F5 /* FirebaseAuth */ = {
			isa = XCSwiftPackageProductDependency;
			package = ACC78F0F2BEF1AB80048D6F5 /* XCRemoteSwiftPackageReference "firebase-ios-sdk" */;
			productName = FirebaseAuth;
		};
		ACC78F202BEF1AB80048D6F5 /* FirebaseCrashlytics */ = {
			isa = XCSwiftPackageProductDependency;
			package = ACC78F0F2BEF1AB80048D6F5 /* XCRemoteSwiftPackageReference "firebase-ios-sdk" */;
			productName = FirebaseCrashlytics;
		};
		ACC78F282BEF1AB80048D6F5 /* FirebaseFirestore */ = {
			isa = XCSwiftPackageProductDependency;
			package = ACC78F0F2BEF1AB80048D6F5 /* XCRemoteSwiftPackageReference "firebase-ios-sdk" */;
			productName = FirebaseFirestore;
		};
		ACC78F2C2BEF1AB80048D6F5 /* FirebaseFirestoreSwift */ = {
			isa = XCSwiftPackageProductDependency;
			package = ACC78F0F2BEF1AB80048D6F5 /* XCRemoteSwiftPackageReference "firebase-ios-sdk" */;
			productName = FirebaseFirestoreSwift;
		};
/* End XCSwiftPackageProductDependency section */
	};
	rootObject = ACAD9C632BEEAE14004BE40A /* Project object */;
}
